// !$*UTF8*$!
{
	archiveVersion = 1;
	classes = {
	};
	objectVersion = 50;
	objects = {

/* Begin PBXBuildFile section */
		EA44A06E251D89CF00E61E7E /* AppDelegate.swift in Sources */ = {isa = PBXBuildFile; fileRef = EA44A06D251D89CF00E61E7E /* AppDelegate.swift */; };
		EA44A070251D89CF00E61E7E /* SceneDelegate.swift in Sources */ = {isa = PBXBuildFile; fileRef = EA44A06F251D89CF00E61E7E /* SceneDelegate.swift */; };
		EA44A072251D89CF00E61E7E /* ViewController.swift in Sources */ = {isa = PBXBuildFile; fileRef = EA44A071251D89CF00E61E7E /* ViewController.swift */; };
		EA44A075251D89CF00E61E7E /* Main.storyboard in Resources */ = {isa = PBXBuildFile; fileRef = EA44A073251D89CF00E61E7E /* Main.storyboard */; };
		EA44A077251D89D600E61E7E /* Assets.xcassets in Resources */ = {isa = PBXBuildFile; fileRef = EA44A076251D89D600E61E7E /* Assets.xcassets */; };
		EA44A07A251D89D600E61E7E /* LaunchScreen.storyboard in Resources */ = {isa = PBXBuildFile; fileRef = EA44A078251D89D600E61E7E /* LaunchScreen.storyboard */; };
		EA44A085251D89D700E61E7E /* flixsterTests.swift in Sources */ = {isa = PBXBuildFile; fileRef = EA44A084251D89D700E61E7E /* flixsterTests.swift */; };
		EA44A090251D89D700E61E7E /* flixsterUITests.swift in Sources */ = {isa = PBXBuildFile; fileRef = EA44A08F251D89D700E61E7E /* flixsterUITests.swift */; };
/* End PBXBuildFile section */

/* Begin PBXContainerItemProxy section */
		EA44A081251D89D700E61E7E /* PBXContainerItemProxy */ = {
			isa = PBXContainerItemProxy;
			containerPortal = EA44A062251D89CF00E61E7E /* Project object */;
			proxyType = 1;
			remoteGlobalIDString = EA44A069251D89CF00E61E7E;
			remoteInfo = flixster;
		};
		EA44A08C251D89D700E61E7E /* PBXContainerItemProxy */ = {
			isa = PBXContainerItemProxy;
			containerPortal = EA44A062251D89CF00E61E7E /* Project object */;
			proxyType = 1;
			remoteGlobalIDString = EA44A069251D89CF00E61E7E;
			remoteInfo = flixster;
		};
/* End PBXContainerItemProxy section */

/* Begin PBXFileReference section */
		EA44A06A251D89CF00E61E7E /* flixster.app */ = {isa = PBXFileReference; explicitFileType = wrapper.application; includeInIndex = 0; path = flixster.app; sourceTree = BUILT_PRODUCTS_DIR; };
		EA44A06D251D89CF00E61E7E /* AppDelegate.swift */ = {isa = PBXFileReference; lastKnownFileType = sourcecode.swift; path = AppDelegate.swift; sourceTree = "<group>"; };
		EA44A06F251D89CF00E61E7E /* SceneDelegate.swift */ = {isa = PBXFileReference; lastKnownFileType = sourcecode.swift; path = SceneDelegate.swift; sourceTree = "<group>"; };
		EA44A071251D89CF00E61E7E /* ViewController.swift */ = {isa = PBXFileReference; lastKnownFileType = sourcecode.swift; path = ViewController.swift; sourceTree = "<group>"; };
		EA44A074251D89CF00E61E7E /* Base */ = {isa = PBXFileReference; lastKnownFileType = file.storyboard; name = Base; path = Base.lproj/Main.storyboard; sourceTree = "<group>"; };
		EA44A076251D89D600E61E7E /* Assets.xcassets */ = {isa = PBXFileReference; lastKnownFileType = folder.assetcatalog; path = Assets.xcassets; sourceTree = "<group>"; };
		EA44A079251D89D600E61E7E /* Base */ = {isa = PBXFileReference; lastKnownFileType = file.storyboard; name = Base; path = Base.lproj/LaunchScreen.storyboard; sourceTree = "<group>"; };
		EA44A07B251D89D600E61E7E /* Info.plist */ = {isa = PBXFileReference; lastKnownFileType = text.plist.xml; path = Info.plist; sourceTree = "<group>"; };
		EA44A080251D89D700E61E7E /* flixsterTests.xctest */ = {isa = PBXFileReference; explicitFileType = wrapper.cfbundle; includeInIndex = 0; path = flixsterTests.xctest; sourceTree = BUILT_PRODUCTS_DIR; };
		EA44A084251D89D700E61E7E /* flixsterTests.swift */ = {isa = PBXFileReference; lastKnownFileType = sourcecode.swift; path = flixsterTests.swift; sourceTree = "<group>"; };
		EA44A086251D89D700E61E7E /* Info.plist */ = {isa = PBXFileReference; lastKnownFileType = text.plist.xml; path = Info.plist; sourceTree = "<group>"; };
		EA44A08B251D89D700E61E7E /* flixsterUITests.xctest */ = {isa = PBXFileReference; explicitFileType = wrapper.cfbundle; includeInIndex = 0; path = flixsterUITests.xctest; sourceTree = BUILT_PRODUCTS_DIR; };
		EA44A08F251D89D700E61E7E /* flixsterUITests.swift */ = {isa = PBXFileReference; lastKnownFileType = sourcecode.swift; path = flixsterUITests.swift; sourceTree = "<group>"; };
		EA44A091251D89D700E61E7E /* Info.plist */ = {isa = PBXFileReference; lastKnownFileType = text.plist.xml; path = Info.plist; sourceTree = "<group>"; };
/* End PBXFileReference section */

/* Begin PBXFrameworksBuildPhase section */
		EA44A067251D89CF00E61E7E /* Frameworks */ = {
			isa = PBXFrameworksBuildPhase;
			buildActionMask = 2147483647;
			files = (
			);
			runOnlyForDeploymentPostprocessing = 0;
		};
		EA44A07D251D89D700E61E7E /* Frameworks */ = {
			isa = PBXFrameworksBuildPhase;
			buildActionMask = 2147483647;
			files = (
			);
			runOnlyForDeploymentPostprocessing = 0;
		};
		EA44A088251D89D700E61E7E /* Frameworks */ = {
			isa = PBXFrameworksBuildPhase;
			buildActionMask = 2147483647;
			files = (
			);
			runOnlyForDeploymentPostprocessing = 0;
		};
/* End PBXFrameworksBuildPhase section */

/* Begin PBXGroup section */
		EA44A061251D89CF00E61E7E = {
			isa = PBXGroup;
			children = (
				EA44A06C251D89CF00E61E7E /* flixster */,
				EA44A083251D89D700E61E7E /* flixsterTests */,
				EA44A08E251D89D700E61E7E /* flixsterUITests */,
				EA44A06B251D89CF00E61E7E /* Products */,
			);
			sourceTree = "<group>";
		};
		EA44A06B251D89CF00E61E7E /* Products */ = {
			isa = PBXGroup;
			children = (
				EA44A06A251D89CF00E61E7E /* flixster.app */,
				EA44A080251D89D700E61E7E /* flixsterTests.xctest */,
				EA44A08B251D89D700E61E7E /* flixsterUITests.xctest */,
			);
			name = Products;
			sourceTree = "<group>";
		};
		EA44A06C251D89CF00E61E7E /* flixster */ = {
			isa = PBXGroup;
			children = (
				EA44A06D251D89CF00E61E7E /* AppDelegate.swift */,
				EA44A06F251D89CF00E61E7E /* SceneDelegate.swift */,
				EA44A071251D89CF00E61E7E /* ViewController.swift */,
				EA44A073251D89CF00E61E7E /* Main.storyboard */,
				EA44A076251D89D600E61E7E /* Assets.xcassets */,
				EA44A078251D89D600E61E7E /* LaunchScreen.storyboard */,
				EA44A07B251D89D600E61E7E /* Info.plist */,
			);
			path = flixster;
			sourceTree = "<group>";
		};
		EA44A083251D89D700E61E7E /* flixsterTests */ = {
			isa = PBXGroup;
			children = (
				EA44A084251D89D700E61E7E /* flixsterTests.swift */,
				EA44A086251D89D700E61E7E /* Info.plist */,
			);
			path = flixsterTests;
			sourceTree = "<group>";
		};
		EA44A08E251D89D700E61E7E /* flixsterUITests */ = {
			isa = PBXGroup;
			children = (
				EA44A08F251D89D700E61E7E /* flixsterUITests.swift */,
				EA44A091251D89D700E61E7E /* Info.plist */,
			);
			path = flixsterUITests;
			sourceTree = "<group>";
		};
/* End PBXGroup section */

/* Begin PBXNativeTarget section */
		EA44A069251D89CF00E61E7E /* flixster */ = {
			isa = PBXNativeTarget;
			buildConfigurationList = EA44A094251D89D700E61E7E /* Build configuration list for PBXNativeTarget "flixster" */;
			buildPhases = (
				EA44A066251D89CF00E61E7E /* Sources */,
				EA44A067251D89CF00E61E7E /* Frameworks */,
				EA44A068251D89CF00E61E7E /* Resources */,
			);
			buildRules = (
			);
			dependencies = (
			);
			name = flixster;
			productName = flixster;
			productReference = EA44A06A251D89CF00E61E7E /* flixster.app */;
			productType = "com.apple.product-type.application";
		};
		EA44A07F251D89D700E61E7E /* flixsterTests */ = {
			isa = PBXNativeTarget;
			buildConfigurationList = EA44A097251D89D700E61E7E /* Build configuration list for PBXNativeTarget "flixsterTests" */;
			buildPhases = (
				EA44A07C251D89D700E61E7E /* Sources */,
				EA44A07D251D89D700E61E7E /* Frameworks */,
				EA44A07E251D89D700E61E7E /* Resources */,
			);
			buildRules = (
			);
			dependencies = (
				EA44A082251D89D700E61E7E /* PBXTargetDependency */,
			);
			name = flixsterTests;
			productName = flixsterTests;
			productReference = EA44A080251D89D700E61E7E /* flixsterTests.xctest */;
			productType = "com.apple.product-type.bundle.unit-test";
		};
		EA44A08A251D89D700E61E7E /* flixsterUITests */ = {
			isa = PBXNativeTarget;
			buildConfigurationList = EA44A09A251D89D700E61E7E /* Build configuration list for PBXNativeTarget "flixsterUITests" */;
			buildPhases = (
				EA44A087251D89D700E61E7E /* Sources */,
				EA44A088251D89D700E61E7E /* Frameworks */,
				EA44A089251D89D700E61E7E /* Resources */,
			);
			buildRules = (
			);
			dependencies = (
				EA44A08D251D89D700E61E7E /* PBXTargetDependency */,
			);
			name = flixsterUITests;
			productName = flixsterUITests;
			productReference = EA44A08B251D89D700E61E7E /* flixsterUITests.xctest */;
			productType = "com.apple.product-type.bundle.ui-testing";
		};
/* End PBXNativeTarget section */

/* Begin PBXProject section */
		EA44A062251D89CF00E61E7E /* Project object */ = {
			isa = PBXProject;
			attributes = {
				LastSwiftUpdateCheck = 1150;
				LastUpgradeCheck = 1150;
				ORGANIZATIONNAME = "abakirhanna@gmail.com";
				TargetAttributes = {
					EA44A069251D89CF00E61E7E = {
						CreatedOnToolsVersion = 11.5;
					};
					EA44A07F251D89D700E61E7E = {
						CreatedOnToolsVersion = 11.5;
						TestTargetID = EA44A069251D89CF00E61E7E;
					};
					EA44A08A251D89D700E61E7E = {
						CreatedOnToolsVersion = 11.5;
						TestTargetID = EA44A069251D89CF00E61E7E;
					};
				};
			};
			buildConfigurationList = EA44A065251D89CF00E61E7E /* Build configuration list for PBXProject "flixster" */;
			compatibilityVersion = "Xcode 9.3";
			developmentRegion = en;
			hasScannedForEncodings = 0;
			knownRegions = (
				en,
				Base,
			);
			mainGroup = EA44A061251D89CF00E61E7E;
			productRefGroup = EA44A06B251D89CF00E61E7E /* Products */;
			projectDirPath = "";
			projectRoot = "";
			targets = (
				EA44A069251D89CF00E61E7E /* flixster */,
				EA44A07F251D89D700E61E7E /* flixsterTests */,
				EA44A08A251D89D700E61E7E /* flixsterUITests */,
			);
		};
/* End PBXProject section */

/* Begin PBXResourcesBuildPhase section */
		EA44A068251D89CF00E61E7E /* Resources */ = {
			isa = PBXResourcesBuildPhase;
			buildActionMask = 2147483647;
			files = (
				EA44A07A251D89D600E61E7E /* LaunchScreen.storyboard in Resources */,
				EA44A077251D89D600E61E7E /* Assets.xcassets in Resources */,
				EA44A075251D89CF00E61E7E /* Main.storyboard in Resources */,
			);
			runOnlyForDeploymentPostprocessing = 0;
		};
		EA44A07E251D89D700E61E7E /* Resources */ = {
			isa = PBXResourcesBuildPhase;
			buildActionMask = 2147483647;
			files = (
			);
			runOnlyForDeploymentPostprocessing = 0;
		};
		EA44A089251D89D700E61E7E /* Resources */ = {
			isa = PBXResourcesBuildPhase;
			buildActionMask = 2147483647;
			files = (
			);
			runOnlyForDeploymentPostprocessing = 0;
		};
/* End PBXResourcesBuildPhase section */

/* Begin PBXSourcesBuildPhase section */
		EA44A066251D89CF00E61E7E /* Sources */ = {
			isa = PBXSourcesBuildPhase;
			buildActionMask = 2147483647;
			files = (
				EA44A072251D89CF00E61E7E /* ViewController.swift in Sources */,
				EA44A06E251D89CF00E61E7E /* AppDelegate.swift in Sources */,
				EA44A070251D89CF00E61E7E /* SceneDelegate.swift in Sources */,
			);
			runOnlyForDeploymentPostprocessing = 0;
		};
		EA44A07C251D89D700E61E7E /* Sources */ = {
			isa = PBXSourcesBuildPhase;
			buildActionMask = 2147483647;
			files = (
				EA44A085251D89D700E61E7E /* flixsterTests.swift in Sources */,
			);
			runOnlyForDeploymentPostprocessing = 0;
		};
		EA44A087251D89D700E61E7E /* Sources */ = {
			isa = PBXSourcesBuildPhase;
			buildActionMask = 2147483647;
			files = (
				EA44A090251D89D700E61E7E /* flixsterUITests.swift in Sources */,
			);
			runOnlyForDeploymentPostprocessing = 0;
		};
/* End PBXSourcesBuildPhase section */

/* Begin PBXTargetDependency section */
		EA44A082251D89D700E61E7E /* PBXTargetDependency */ = {
			isa = PBXTargetDependency;
			target = EA44A069251D89CF00E61E7E /* flixster */;
			targetProxy = EA44A081251D89D700E61E7E /* PBXContainerItemProxy */;
		};
		EA44A08D251D89D700E61E7E /* PBXTargetDependency */ = {
			isa = PBXTargetDependency;
			target = EA44A069251D89CF00E61E7E /* flixster */;
			targetProxy = EA44A08C251D89D700E61E7E /* PBXContainerItemProxy */;
		};
/* End PBXTargetDependency section */

/* Begin PBXVariantGroup section */
		EA44A073251D89CF00E61E7E /* Main.storyboard */ = {
			isa = PBXVariantGroup;
			children = (
				EA44A074251D89CF00E61E7E /* Base */,
			);
			name = Main.storyboard;
			sourceTree = "<group>";
		};
		EA44A078251D89D600E61E7E /* LaunchScreen.storyboard */ = {
			isa = PBXVariantGroup;
			children = (
				EA44A079251D89D600E61E7E /* Base */,
			);
			name = LaunchScreen.storyboard;
			sourceTree = "<group>";
		};
/* End PBXVariantGroup section */

/* Begin XCBuildConfiguration section */
		EA44A092251D89D700E61E7E /* Debug */ = {
			isa = XCBuildConfiguration;
			buildSettings = {
				ALWAYS_SEARCH_USER_PATHS = NO;
				CLANG_ANALYZER_NONNULL = YES;
				CLANG_ANALYZER_NUMBER_OBJECT_CONVERSION = YES_AGGRESSIVE;
				CLANG_CXX_LANGUAGE_STANDARD = "gnu++14";
				CLANG_CXX_LIBRARY = "libc++";
				CLANG_ENABLE_MODULES = YES;
				CLANG_ENABLE_OBJC_ARC = YES;
				CLANG_ENABLE_OBJC_WEAK = YES;
				CLANG_WARN_BLOCK_CAPTURE_AUTORELEASING = YES;
				CLANG_WARN_BOOL_CONVERSION = YES;
				CLANG_WARN_COMMA = YES;
				CLANG_WARN_CONSTANT_CONVERSION = YES;
				CLANG_WARN_DEPRECATED_OBJC_IMPLEMENTATIONS = YES;
				CLANG_WARN_DIRECT_OBJC_ISA_USAGE = YES_ERROR;
				CLANG_WARN_DOCUMENTATION_COMMENTS = YES;
				CLANG_WARN_EMPTY_BODY = YES;
				CLANG_WARN_ENUM_CONVERSION = YES;
				CLANG_WARN_INFINITE_RECURSION = YES;
				CLANG_WARN_INT_CONVERSION = YES;
				CLANG_WARN_NON_LITERAL_NULL_CONVERSION = YES;
				CLANG_WARN_OBJC_IMPLICIT_RETAIN_SELF = YES;
				CLANG_WARN_OBJC_LITERAL_CONVERSION = YES;
				CLANG_WARN_OBJC_ROOT_CLASS = YES_ERROR;
				CLANG_WARN_RANGE_LOOP_ANALYSIS = YES;
				CLANG_WARN_STRICT_PROTOTYPES = YES;
				CLANG_WARN_SUSPICIOUS_MOVE = YES;
				CLANG_WARN_UNGUARDED_AVAILABILITY = YES_AGGRESSIVE;
				CLANG_WARN_UNREACHABLE_CODE = YES;
				CLANG_WARN__DUPLICATE_METHOD_MATCH = YES;
				COPY_PHASE_STRIP = NO;
				DEBUG_INFORMATION_FORMAT = dwarf;
				ENABLE_STRICT_OBJC_MSGSEND = YES;
				ENABLE_TESTABILITY = YES;
				GCC_C_LANGUAGE_STANDARD = gnu11;
				GCC_DYNAMIC_NO_PIC = NO;
				GCC_NO_COMMON_BLOCKS = YES;
				GCC_OPTIMIZATION_LEVEL = 0;
				GCC_PREPROCESSOR_DEFINITIONS = (
					"DEBUG=1",
					"$(inherited)",
				);
				GCC_WARN_64_TO_32_BIT_CONVERSION = YES;
				GCC_WARN_ABOUT_RETURN_TYPE = YES_ERROR;
				GCC_WARN_UNDECLARED_SELECTOR = YES;
				GCC_WARN_UNINITIALIZED_AUTOS = YES_AGGRESSIVE;
				GCC_WARN_UNUSED_FUNCTION = YES;
				GCC_WARN_UNUSED_VARIABLE = YES;
				IPHONEOS_DEPLOYMENT_TARGET = 13.5;
				MTL_ENABLE_DEBUG_INFO = INCLUDE_SOURCE;
				MTL_FAST_MATH = YES;
				ONLY_ACTIVE_ARCH = YES;
				SDKROOT = iphoneos;
				SWIFT_ACTIVE_COMPILATION_CONDITIONS = DEBUG;
				SWIFT_OPTIMIZATION_LEVEL = "-Onone";
			};
			name = Debug;
		};
		EA44A093251D89D700E61E7E /* Release */ = {
			isa = XCBuildConfiguration;
			buildSettings = {
				ALWAYS_SEARCH_USER_PATHS = NO;
				CLANG_ANALYZER_NONNULL = YES;
				CLANG_ANALYZER_NUMBER_OBJECT_CONVERSION = YES_AGGRESSIVE;
				CLANG_CXX_LANGUAGE_STANDARD = "gnu++14";
				CLANG_CXX_LIBRARY = "libc++";
				CLANG_ENABLE_MODULES = YES;
				CLANG_ENABLE_OBJC_ARC = YES;
				CLANG_ENABLE_OBJC_WEAK = YES;
				CLANG_WARN_BLOCK_CAPTURE_AUTORELEASING = YES;
				CLANG_WARN_BOOL_CONVERSION = YES;
				CLANG_WARN_COMMA = YES;
				CLANG_WARN_CONSTANT_CONVERSION = YES;
				CLANG_WARN_DEPRECATED_OBJC_IMPLEMENTATIONS = YES;
				CLANG_WARN_DIRECT_OBJC_ISA_USAGE = YES_ERROR;
				CLANG_WARN_DOCUMENTATION_COMMENTS = YES;
				CLANG_WARN_EMPTY_BODY = YES;
				CLANG_WARN_ENUM_CONVERSION = YES;
				CLANG_WARN_INFINITE_RECURSION = YES;
				CLANG_WARN_INT_CONVERSION = YES;
				CLANG_WARN_NON_LITERAL_NULL_CONVERSION = YES;
				CLANG_WARN_OBJC_IMPLICIT_RETAIN_SELF = YES;
				CLANG_WARN_OBJC_LITERAL_CONVERSION = YES;
				CLANG_WARN_OBJC_ROOT_CLASS = YES_ERROR;
				CLANG_WARN_RANGE_LOOP_ANALYSIS = YES;
				CLANG_WARN_STRICT_PROTOTYPES = YES;
				CLANG_WARN_SUSPICIOUS_MOVE = YES;
				CLANG_WARN_UNGUARDED_AVAILABILITY = YES_AGGRESSIVE;
				CLANG_WARN_UNREACHABLE_CODE = YES;
				CLANG_WARN__DUPLICATE_METHOD_MATCH = YES;
				COPY_PHASE_STRIP = NO;
				DEBUG_INFORMATION_FORMAT = "dwarf-with-dsym";
				ENABLE_NS_ASSERTIONS = NO;
				ENABLE_STRICT_OBJC_MSGSEND = YES;
				GCC_C_LANGUAGE_STANDARD = gnu11;
				GCC_NO_COMMON_BLOCKS = YES;
				GCC_WARN_64_TO_32_BIT_CONVERSION = YES;
				GCC_WARN_ABOUT_RETURN_TYPE = YES_ERROR;
				GCC_WARN_UNDECLARED_SELECTOR = YES;
				GCC_WARN_UNINITIALIZED_AUTOS = YES_AGGRESSIVE;
				GCC_WARN_UNUSED_FUNCTION = YES;
				GCC_WARN_UNUSED_VARIABLE = YES;
				IPHONEOS_DEPLOYMENT_TARGET = 13.5;
				MTL_ENABLE_DEBUG_INFO = NO;
				MTL_FAST_MATH = YES;
				SDKROOT = iphoneos;
				SWIFT_COMPILATION_MODE = wholemodule;
				SWIFT_OPTIMIZATION_LEVEL = "-O";
				VALIDATE_PRODUCT = YES;
			};
			name = Release;
		};
		EA44A095251D89D700E61E7E /* Debug */ = {
			isa = XCBuildConfiguration;
			buildSettings = {
				ASSETCATALOG_COMPILER_APPICON_NAME = AppIcon;
				CODE_SIGN_STYLE = Automatic;
				INFOPLIST_FILE = flixster/Info.plist;
				LD_RUNPATH_SEARCH_PATHS = (
					"$(inherited)",
					"@executable_path/Frameworks",
				);
				PRODUCT_BUNDLE_IDENTIFIER = Codepath.flixster;
				PRODUCT_NAME = "$(TARGET_NAME)";
				SWIFT_VERSION = 5.0;
				TARGETED_DEVICE_FAMILY = "1,2";
			};
			name = Debug;
		};
		EA44A096251D89D700E61E7E /* Release */ = {
			isa = XCBuildConfiguration;
			buildSettings = {
				ASSETCATALOG_COMPILER_APPICON_NAME = AppIcon;
				CODE_SIGN_STYLE = Automatic;
				INFOPLIST_FILE = flixster/Info.plist;
				LD_RUNPATH_SEARCH_PATHS = (
					"$(inherited)",
					"@executable_path/Frameworks",
				);
				PRODUCT_BUNDLE_IDENTIFIER = Codepath.flixster;
				PRODUCT_NAME = "$(TARGET_NAME)";
				SWIFT_VERSION = 5.0;
				TARGETED_DEVICE_FAMILY = "1,2";
			};
			name = Release;
		};
		EA44A098251D89D700E61E7E /* Debug */ = {
			isa = XCBuildConfiguration;
			buildSettings = {
				ALWAYS_EMBED_SWIFT_STANDARD_LIBRARIES = YES;
				BUNDLE_LOADER = "$(TEST_HOST)";
				CODE_SIGN_STYLE = Automatic;
				INFOPLIST_FILE = flixsterTests/Info.plist;
				IPHONEOS_DEPLOYMENT_TARGET = 13.5;
				LD_RUNPATH_SEARCH_PATHS = (
					"$(inherited)",
					"@executable_path/Frameworks",
					"@loader_path/Frameworks",
				);
				PRODUCT_BUNDLE_IDENTIFIER = Codepath.flixsterTests;
				PRODUCT_NAME = "$(TARGET_NAME)";
				SWIFT_VERSION = 5.0;
				TARGETED_DEVICE_FAMILY = "1,2";
				TEST_HOST = "$(BUILT_PRODUCTS_DIR)/flixster.app/flixster";
			};
			name = Debug;
		};
		EA44A099251D89D700E61E7E /* Release */ = {
			isa = XCBuildConfiguration;
			buildSettings = {
				ALWAYS_EMBED_SWIFT_STANDARD_LIBRARIES = YES;
				BUNDLE_LOADER = "$(TEST_HOST)";
				CODE_SIGN_STYLE = Automatic;
				INFOPLIST_FILE = flixsterTests/Info.plist;
				IPHONEOS_DEPLOYMENT_TARGET = 13.5;
				LD_RUNPATH_SEARCH_PATHS = (
					"$(inherited)",
					"@executable_path/Frameworks",
					"@loader_path/Frameworks",
				);
				PRODUCT_BUNDLE_IDENTIFIER = Codepath.flixsterTests;
				PRODUCT_NAME = "$(TARGET_NAME)";
				SWIFT_VERSION = 5.0;
				TARGETED_DEVICE_FAMILY = "1,2";
				TEST_HOST = "$(BUILT_PRODUCTS_DIR)/flixster.app/flixster";
			};
			name = Release;
		};
		EA44A09B251D89D700E61E7E /* Debug */ = {
			isa = XCBuildConfiguration;
			buildSettings = {
				ALWAYS_EMBED_SWIFT_STANDARD_LIBRARIES = YES;
				CODE_SIGN_STYLE = Automatic;
				INFOPLIST_FILE = flixsterUITests/Info.plist;
				LD_RUNPATH_SEARCH_PATHS = (
					"$(inherited)",
					"@executable_path/Frameworks",
					"@loader_path/Frameworks",
				);
				PRODUCT_BUNDLE_IDENTIFIER = Codepath.flixsterUITests;
				PRODUCT_NAME = "$(TARGET_NAME)";
				SWIFT_VERSION = 5.0;
				TARGETED_DEVICE_FAMILY = "1,2";
				TEST_TARGET_NAME = flixster;
			};
			name = Debug;
		};
		EA44A09C251D89D700E61E7E /* Release */ = {
			isa = XCBuildConfiguration;
			buildSettings = {
				ALWAYS_EMBED_SWIFT_STANDARD_LIBRARIES = YES;
				CODE_SIGN_STYLE = Automatic;
				INFOPLIST_FILE = flixsterUITests/Info.plist;
				LD_RUNPATH_SEARCH_PATHS = (
					"$(inherited)",
					"@executable_path/Frameworks",
					"@loader_path/Frameworks",
				);
				PRODUCT_BUNDLE_IDENTIFIER = Codepath.flixsterUITests;
				PRODUCT_NAME = "$(TARGET_NAME)";
				SWIFT_VERSION = 5.0;
				TARGETED_DEVICE_FAMILY = "1,2";
				TEST_TARGET_NAME = flixster;
			};
			name = Release;
		};
/* End XCBuildConfiguration section */

/* Begin XCConfigurationList section */
		EA44A065251D89CF00E61E7E /* Build configuration list for PBXProject "flixster" */ = {
			isa = XCConfigurationList;
			buildConfigurations = (
				EA44A092251D89D700E61E7E /* Debug */,
				EA44A093251D89D700E61E7E /* Release */,
			);
			defaultConfigurationIsVisible = 0;
			defaultConfigurationName = Release;
		};
		EA44A094251D89D700E61E7E /* Build configuration list for PBXNativeTarget "flixster" */ = {
			isa = XCConfigurationList;
			buildConfigurations = (
				EA44A095251D89D700E61E7E /* Debug */,
				EA44A096251D89D700E61E7E /* Release */,
			);
			defaultConfigurationIsVisible = 0;
			defaultConfigurationName = Release;
		};
		EA44A097251D89D700E61E7E /* Build configuration list for PBXNativeTarget "flixsterTests" */ = {
			isa = XCConfigurationList;
			buildConfigurations = (
				EA44A098251D89D700E61E7E /* Debug */,
				EA44A099251D89D700E61E7E /* Release */,
			);
			defaultConfigurationIsVisible = 0;
			defaultConfigurationName = Release;
		};
		EA44A09A251D89D700E61E7E /* Build configuration list for PBXNativeTarget "flixsterUITests" */ = {
			isa = XCConfigurationList;
			buildConfigurations = (
				EA44A09B251D89D700E61E7E /* Debug */,
				EA44A09C251D89D700E61E7E /* Release */,
			);
			defaultConfigurationIsVisible = 0;
			defaultConfigurationName = Release;
		};
/* End XCConfigurationList section */
	};
	rootObject = EA44A062251D89CF00E61E7E /* Project object */;
}
